
Microsoft Visual Studio Solution File, Format Version 12.00
# Visual Studio Version 17
VisualStudioVersion = 17.14.36603.0
MinimumVisualStudioVersion = 10.0.40219.1
Project("{FAE04EC0-301F-11D3-BF4B-00C04F79EFBC}") = "Projekt_razvoj", "Projekt_razvoj\Projekt_razvoj.csproj", "{F8257198-36B2-4C2A-B715-C4A111DA956D}"
EndProject
Project("{FAE04EC0-301F-11D3-BF4B-00C04F79EFBC}") = "Projekt_razvoj.Tests", "Projekt_razvoj.Tests\Projekt_razvoj.Tests.csproj", "{7E82FF66-4F4B-2DCE-EC5A-306A0304311E}"
EndProject
Global
	GlobalSection(SolutionConfigurationPlatforms) = preSolution
		Debug|Any CPU = Debug|Any CPU
		Release|Any CPU = Release|Any CPU
	EndGlobalSection
	GlobalSection(ProjectConfigurationPlatforms) = postSolution
		{F8257198-36B2-4C2A-B715-C4A111DA956D}.Debug|Any CPU.ActiveCfg = Debug|Any CPU
		{F8257198-36B2-4C2A-B715-C4A111DA956D}.Debug|Any CPU.Build.0 = Debug|Any CPU
		{F8257198-36B2-4C2A-B715-C4A111DA956D}.Release|Any CPU.ActiveCfg = Release|Any CPU
		{F8257198-36B2-4C2A-B715-C4A111DA956D}.Release|Any CPU.Build.0 = Release|Any CPU
		{7E82FF66-4F4B-2DCE-EC5A-306A0304311E}.Debug|Any CPU.ActiveCfg = Debug|Any CPU
		{7E82FF66-4F4B-2DCE-EC5A-306A0304311E}.Debug|Any CPU.Build.0 = Debug|Any CPU
		{7E82FF66-4F4B-2DCE-EC5A-306A0304311E}.Release|Any CPU.ActiveCfg = Release|Any CPU
		{7E82FF66-4F4B-2DCE-EC5A-306A0304311E}.Release|Any CPU.Build.0 = Release|Any CPU
	EndGlobalSection
	GlobalSection(SolutionProperties) = preSolution
		HideSolutionNode = FALSE
	EndGlobalSection
	GlobalSection(ExtensibilityGlobals) = postSolution
		SolutionGuid = {579A12D3-2598-41C6-B978-9FFDB34CFCB1}
	EndGlobalSection
EndGlobal
